
Microsoft Visual Studio Solution File, Format Version 12.00
# Visual Studio 15
Project("{FAE04EC0-301F-11D3-BF4B-00C04F79EFBC}") = "med-history-for-all", "med-history-for-all.csproj", "{42ECD747-9A3B-4274-ACF8-1A80877EAB82}"
EndProject
Global
	GlobalSection(SolutionConfigurationPlatforms) = preSolution
		Debug|Any CPU = Debug|Any CPU
		Release|Any CPU = Release|Any CPU
	EndGlobalSection
	GlobalSection(ProjectConfigurationPlatforms) = postSolution
		{42ECD747-9A3B-4274-ACF8-1A80877EAB82}.Debug|Any CPU.ActiveCfg = Debug|Any CPU
		{42ECD747-9A3B-4274-ACF8-1A80877EAB82}.Debug|Any CPU.Build.0 = Debug|Any CPU
		{42ECD747-9A3B-4274-ACF8-1A80877EAB82}.Release|Any CPU.ActiveCfg = Release|Any CPU
		{42ECD747-9A3B-4274-ACF8-1A80877EAB82}.Release|Any CPU.Build.0 = Release|Any CPU
	EndGlobalSection
EndGlobal
